
Microsoft Visual Studio Solution File, Format Version 12.00
# Visual Studio Version 17
VisualStudioVersion = 17.1.32414.318
MinimumVisualStudioVersion = 10.0.40219.1
Project("{9092AA53-FB77-4645-B42D-1CCCA6BD08BD}") = "Weatherly", "Weatherly\Weatherly.njsproj", "{64908286-5720-411A-84FD-807FB6A68F33}"
EndProject
Global
	GlobalSection(SolutionConfigurationPlatforms) = preSolution
		Debug|Any CPU = Debug|Any CPU
		Release|Any CPU = Release|Any CPU
	EndGlobalSection
	GlobalSection(ProjectConfigurationPlatforms) = postSolution
		{64908286-5720-411A-84FD-807FB6A68F33}.Debug|Any CPU.ActiveCfg = Debug|Any CPU
		{64908286-5720-411A-84FD-807FB6A68F33}.Debug|Any CPU.Build.0 = Debug|Any CPU
		{64908286-5720-411A-84FD-807FB6A68F33}.Release|Any CPU.ActiveCfg = Release|Any CPU
		{64908286-5720-411A-84FD-807FB6A68F33}.Release|Any CPU.Build.0 = Release|Any CPU
	EndGlobalSection
	GlobalSection(SolutionProperties) = preSolution
		HideSolutionNode = FALSE
	EndGlobalSection
	GlobalSection(ExtensibilityGlobals) = postSolution
		SolutionGuid = {FB12F94A-6541-408A-AB92-3E4468DCAE26}
	EndGlobalSection
EndGlobal
